
Microsoft Visual Studio Solution File, Format Version 12.00
# Visual Studio Version 17
VisualStudioVersion = 17.5.33414.496
MinimumVisualStudioVersion = 10.0.40219.1
Project("{FAE04EC0-301F-11D3-BF4B-00C04F79EFBC}") = "Sumador", "Sumador\Sumador.csproj", "{6DFA661D-181D-4E5E-B62B-AD34812E7BD2}"
EndProject
Project("{FAE04EC0-301F-11D3-BF4B-00C04F79EFBC}") = "SOB_I01", "SOB_I01\SOB_I01.csproj", "{01A23F31-4F5E-4FB4-8160-44B4CFBEC736}"
EndProject
Global
	GlobalSection(SolutionConfigurationPlatforms) = preSolution
		Debug|Any CPU = Debug|Any CPU
		Release|Any CPU = Release|Any CPU
	EndGlobalSection
	GlobalSection(ProjectConfigurationPlatforms) = postSolution
		{6DFA661D-181D-4E5E-B62B-AD34812E7BD2}.Debug|Any CPU.ActiveCfg = Debug|Any CPU
		{6DFA661D-181D-4E5E-B62B-AD34812E7BD2}.Debug|Any CPU.Build.0 = Debug|Any CPU
		{6DFA661D-181D-4E5E-B62B-AD34812E7BD2}.Release|Any CPU.ActiveCfg = Release|Any CPU
		{6DFA661D-181D-4E5E-B62B-AD34812E7BD2}.Release|Any CPU.Build.0 = Release|Any CPU
		{01A23F31-4F5E-4FB4-8160-44B4CFBEC736}.Debug|Any CPU.ActiveCfg = Debug|Any CPU
		{01A23F31-4F5E-4FB4-8160-44B4CFBEC736}.Debug|Any CPU.Build.0 = Debug|Any CPU
		{01A23F31-4F5E-4FB4-8160-44B4CFBEC736}.Release|Any CPU.ActiveCfg = Release|Any CPU
		{01A23F31-4F5E-4FB4-8160-44B4CFBEC736}.Release|Any CPU.Build.0 = Release|Any CPU
	EndGlobalSection
	GlobalSection(SolutionProperties) = preSolution
		HideSolutionNode = FALSE
	EndGlobalSection
	GlobalSection(ExtensibilityGlobals) = postSolution
		SolutionGuid = {4ADF4FD2-BB51-4C91-9251-13687197CE75}
	EndGlobalSection
EndGlobal
