
Microsoft Visual Studio Solution File, Format Version 12.00
# Visual Studio Version 17
VisualStudioVersion = 17.5.33414.496
MinimumVisualStudioVersion = 10.0.40219.1
Project("{9A19103F-16F7-4668-BE54-9A1E7A4F7556}") = "Sumador", "Sumador\Sumador.csproj", "{6DFA661D-181D-4E5E-B62B-AD34812E7BD2}"
EndProject
Project("{9A19103F-16F7-4668-BE54-9A1E7A4F7556}") = "SOB_I01", "SOB_I01\SOB_I01.csproj", "{01A23F31-4F5E-4FB4-8160-44B4CFBEC736}"
EndProject
Project("{9A19103F-16F7-4668-BE54-9A1E7A4F7556}") = "Billetes", "Billetes\Billetes.csproj", "{75DFF8EA-DBE3-4170-ABD3-FB8BD12D5FD5}"
EndProject
Project("{9A19103F-16F7-4668-BE54-9A1E7A4F7556}") = "Sob_C01", "Sob_C01\Sob_C01.csproj", "{F8F17C54-83B0-4D68-AFCC-98904F542A5F}"
EndProject
Project("{9A19103F-16F7-4668-BE54-9A1E7A4F7556}") = "Clase_05", "Clase_05\Clase_05.csproj", "{36BD80AE-1F40-43D5-B1E2-8564E98C85A2}"
EndProject
Project("{9A19103F-16F7-4668-BE54-9A1E7A4F7556}") = "Col_EjercicioI01", "Col_EjercicioI01\Col_EjercicioI01.csproj", "{ABC1A031-2AC7-4E41-B529-C6227E91A651}"
EndProject
Project("{9A19103F-16F7-4668-BE54-9A1E7A4F7556}") = "Forms_clase-06", "Forms_clase-06\Forms_clase-06.csproj", "{844793E9-FEF3-4882-93E1-3D1FC2B46E46}"
EndProject
Project("{9A19103F-16F7-4668-BE54-9A1E7A4F7556}") = "Ingresante", "Ingresante\Ingresante.csproj", "{5F95F4A4-2AD9-447A-9061-6BC1A8E0F00C}"
EndProject
Project("{9A19103F-16F7-4668-BE54-9A1E7A4F7556}") = "For_Ejercicio_I02", "For_Ejercicio_I02\For_Ejercicio_I02.csproj", "{40622DF5-12F3-430B-BDEB-3F8BA779BDA6}"
EndProject
Project("{9A19103F-16F7-4668-BE54-9A1E7A4F7556}") = "Form_Ejercicio-c01", "Form_Ejercicio-c01\Form_Ejercicio-c01.csproj", "{85AD9316-1F11-4BD7-B548-C7BC43C6D22F}"
EndProject
Project("{9A19103F-16F7-4668-BE54-9A1E7A4F7556}") = "Form_ejercicio-C03", "Form_ejercicio-C03\Form_ejercicio-C03.csproj", "{2116DFEE-C98F-4A7F-A765-6A5F6694D370}"
EndProject
Project("{9A19103F-16F7-4668-BE54-9A1E7A4F7556}") = "Temperaturas", "Temperaturas\Temperaturas.csproj", "{110FB8E8-8705-4D07-A788-F7DF7E44BABC}"
EndProject
Project("{9A19103F-16F7-4668-BE54-9A1E7A4F7556}") = "Sob_Ejercicio-A01", "Sob_Ejercicio-A01\Sob_Ejercicio-A01.csproj", "{89EF643F-ECF7-4AFE-B996-29CABDC87663}"
EndProject
Project("{9A19103F-16F7-4668-BE54-9A1E7A4F7556}") = "Form_Ejercicio-C02", "Form_Ejercicio-C02\Form_Ejercicio-C02.csproj", "{C3F592F1-16EA-40E0-A181-CDCB7350274D}"
EndProject
Project("{FAE04EC0-301F-11D3-BF4B-00C04F79EFBC}") = "Clase_07-Herencia", "Clase-07\Clase_07-Herencia.csproj", "{1239FFFF-CE9F-43EB-99FF-BC2099DCA97E}"
EndProject
Project("{FAE04EC0-301F-11D3-BF4B-00C04F79EFBC}") = "Personas", "Personas\Personas.csproj", "{033BBF98-AF77-4D51-A6BA-EE1AFC58C057}"
EndProject
Global
	GlobalSection(SolutionConfigurationPlatforms) = preSolution
		Debug|Any CPU = Debug|Any CPU
		Release|Any CPU = Release|Any CPU
	EndGlobalSection
	GlobalSection(ProjectConfigurationPlatforms) = postSolution
		{6DFA661D-181D-4E5E-B62B-AD34812E7BD2}.Debug|Any CPU.ActiveCfg = Debug|Any CPU
		{6DFA661D-181D-4E5E-B62B-AD34812E7BD2}.Debug|Any CPU.Build.0 = Debug|Any CPU
		{6DFA661D-181D-4E5E-B62B-AD34812E7BD2}.Release|Any CPU.ActiveCfg = Release|Any CPU
		{6DFA661D-181D-4E5E-B62B-AD34812E7BD2}.Release|Any CPU.Build.0 = Release|Any CPU
		{01A23F31-4F5E-4FB4-8160-44B4CFBEC736}.Debug|Any CPU.ActiveCfg = Debug|Any CPU
		{01A23F31-4F5E-4FB4-8160-44B4CFBEC736}.Debug|Any CPU.Build.0 = Debug|Any CPU
		{01A23F31-4F5E-4FB4-8160-44B4CFBEC736}.Release|Any CPU.ActiveCfg = Release|Any CPU
		{01A23F31-4F5E-4FB4-8160-44B4CFBEC736}.Release|Any CPU.Build.0 = Release|Any CPU
		{75DFF8EA-DBE3-4170-ABD3-FB8BD12D5FD5}.Debug|Any CPU.ActiveCfg = Debug|Any CPU
		{75DFF8EA-DBE3-4170-ABD3-FB8BD12D5FD5}.Debug|Any CPU.Build.0 = Debug|Any CPU
		{75DFF8EA-DBE3-4170-ABD3-FB8BD12D5FD5}.Release|Any CPU.ActiveCfg = Release|Any CPU
		{75DFF8EA-DBE3-4170-ABD3-FB8BD12D5FD5}.Release|Any CPU.Build.0 = Release|Any CPU
		{F8F17C54-83B0-4D68-AFCC-98904F542A5F}.Debug|Any CPU.ActiveCfg = Debug|Any CPU
		{F8F17C54-83B0-4D68-AFCC-98904F542A5F}.Debug|Any CPU.Build.0 = Debug|Any CPU
		{F8F17C54-83B0-4D68-AFCC-98904F542A5F}.Release|Any CPU.ActiveCfg = Release|Any CPU
		{F8F17C54-83B0-4D68-AFCC-98904F542A5F}.Release|Any CPU.Build.0 = Release|Any CPU
		{36BD80AE-1F40-43D5-B1E2-8564E98C85A2}.Debug|Any CPU.ActiveCfg = Debug|Any CPU
		{36BD80AE-1F40-43D5-B1E2-8564E98C85A2}.Debug|Any CPU.Build.0 = Debug|Any CPU
		{36BD80AE-1F40-43D5-B1E2-8564E98C85A2}.Release|Any CPU.ActiveCfg = Release|Any CPU
		{36BD80AE-1F40-43D5-B1E2-8564E98C85A2}.Release|Any CPU.Build.0 = Release|Any CPU
		{ABC1A031-2AC7-4E41-B529-C6227E91A651}.Debug|Any CPU.ActiveCfg = Debug|Any CPU
		{ABC1A031-2AC7-4E41-B529-C6227E91A651}.Debug|Any CPU.Build.0 = Debug|Any CPU
		{ABC1A031-2AC7-4E41-B529-C6227E91A651}.Release|Any CPU.ActiveCfg = Release|Any CPU
		{ABC1A031-2AC7-4E41-B529-C6227E91A651}.Release|Any CPU.Build.0 = Release|Any CPU
		{844793E9-FEF3-4882-93E1-3D1FC2B46E46}.Debug|Any CPU.ActiveCfg = Debug|Any CPU
		{844793E9-FEF3-4882-93E1-3D1FC2B46E46}.Debug|Any CPU.Build.0 = Debug|Any CPU
		{844793E9-FEF3-4882-93E1-3D1FC2B46E46}.Release|Any CPU.ActiveCfg = Release|Any CPU
		{844793E9-FEF3-4882-93E1-3D1FC2B46E46}.Release|Any CPU.Build.0 = Release|Any CPU
		{5F95F4A4-2AD9-447A-9061-6BC1A8E0F00C}.Debug|Any CPU.ActiveCfg = Debug|Any CPU
		{5F95F4A4-2AD9-447A-9061-6BC1A8E0F00C}.Debug|Any CPU.Build.0 = Debug|Any CPU
		{5F95F4A4-2AD9-447A-9061-6BC1A8E0F00C}.Release|Any CPU.ActiveCfg = Release|Any CPU
		{5F95F4A4-2AD9-447A-9061-6BC1A8E0F00C}.Release|Any CPU.Build.0 = Release|Any CPU
		{40622DF5-12F3-430B-BDEB-3F8BA779BDA6}.Debug|Any CPU.ActiveCfg = Debug|Any CPU
		{40622DF5-12F3-430B-BDEB-3F8BA779BDA6}.Debug|Any CPU.Build.0 = Debug|Any CPU
		{40622DF5-12F3-430B-BDEB-3F8BA779BDA6}.Release|Any CPU.ActiveCfg = Release|Any CPU
		{40622DF5-12F3-430B-BDEB-3F8BA779BDA6}.Release|Any CPU.Build.0 = Release|Any CPU
		{85AD9316-1F11-4BD7-B548-C7BC43C6D22F}.Debug|Any CPU.ActiveCfg = Debug|Any CPU
		{85AD9316-1F11-4BD7-B548-C7BC43C6D22F}.Debug|Any CPU.Build.0 = Debug|Any CPU
		{85AD9316-1F11-4BD7-B548-C7BC43C6D22F}.Release|Any CPU.ActiveCfg = Release|Any CPU
		{85AD9316-1F11-4BD7-B548-C7BC43C6D22F}.Release|Any CPU.Build.0 = Release|Any CPU
		{2116DFEE-C98F-4A7F-A765-6A5F6694D370}.Debug|Any CPU.ActiveCfg = Debug|Any CPU
		{2116DFEE-C98F-4A7F-A765-6A5F6694D370}.Debug|Any CPU.Build.0 = Debug|Any CPU
		{2116DFEE-C98F-4A7F-A765-6A5F6694D370}.Release|Any CPU.ActiveCfg = Release|Any CPU
		{2116DFEE-C98F-4A7F-A765-6A5F6694D370}.Release|Any CPU.Build.0 = Release|Any CPU
		{110FB8E8-8705-4D07-A788-F7DF7E44BABC}.Debug|Any CPU.ActiveCfg = Debug|Any CPU
		{110FB8E8-8705-4D07-A788-F7DF7E44BABC}.Debug|Any CPU.Build.0 = Debug|Any CPU
		{110FB8E8-8705-4D07-A788-F7DF7E44BABC}.Release|Any CPU.ActiveCfg = Release|Any CPU
		{110FB8E8-8705-4D07-A788-F7DF7E44BABC}.Release|Any CPU.Build.0 = Release|Any CPU
		{89EF643F-ECF7-4AFE-B996-29CABDC87663}.Debug|Any CPU.ActiveCfg = Debug|Any CPU
		{89EF643F-ECF7-4AFE-B996-29CABDC87663}.Debug|Any CPU.Build.0 = Debug|Any CPU
		{89EF643F-ECF7-4AFE-B996-29CABDC87663}.Release|Any CPU.ActiveCfg = Release|Any CPU
		{89EF643F-ECF7-4AFE-B996-29CABDC87663}.Release|Any CPU.Build.0 = Release|Any CPU
		{C3F592F1-16EA-40E0-A181-CDCB7350274D}.Debug|Any CPU.ActiveCfg = Debug|Any CPU
		{C3F592F1-16EA-40E0-A181-CDCB7350274D}.Debug|Any CPU.Build.0 = Debug|Any CPU
		{C3F592F1-16EA-40E0-A181-CDCB7350274D}.Release|Any CPU.ActiveCfg = Release|Any CPU
		{C3F592F1-16EA-40E0-A181-CDCB7350274D}.Release|Any CPU.Build.0 = Release|Any CPU
		{1239FFFF-CE9F-43EB-99FF-BC2099DCA97E}.Debug|Any CPU.ActiveCfg = Debug|Any CPU
		{1239FFFF-CE9F-43EB-99FF-BC2099DCA97E}.Debug|Any CPU.Build.0 = Debug|Any CPU
		{1239FFFF-CE9F-43EB-99FF-BC2099DCA97E}.Release|Any CPU.ActiveCfg = Release|Any CPU
		{1239FFFF-CE9F-43EB-99FF-BC2099DCA97E}.Release|Any CPU.Build.0 = Release|Any CPU
		{033BBF98-AF77-4D51-A6BA-EE1AFC58C057}.Debug|Any CPU.ActiveCfg = Debug|Any CPU
		{033BBF98-AF77-4D51-A6BA-EE1AFC58C057}.Debug|Any CPU.Build.0 = Debug|Any CPU
		{033BBF98-AF77-4D51-A6BA-EE1AFC58C057}.Release|Any CPU.ActiveCfg = Release|Any CPU
		{033BBF98-AF77-4D51-A6BA-EE1AFC58C057}.Release|Any CPU.Build.0 = Release|Any CPU
	EndGlobalSection
	GlobalSection(SolutionProperties) = preSolution
		HideSolutionNode = FALSE
	EndGlobalSection
	GlobalSection(ExtensibilityGlobals) = postSolution
		SolutionGuid = {4ADF4FD2-BB51-4C91-9251-13687197CE75}
	EndGlobalSection
EndGlobal
